
Microsoft Visual Studio Solution File, Format Version 12.00
# Visual Studio Version 16
VisualStudioVersion = 16.0.30804.86
MinimumVisualStudioVersion = 10.0.40219.1
Project("{888888A0-9F3D-457C-B088-3A5042F75D52}") = "PythonEssentialsModule2", "PythonEssentialsModule2\PythonEssentialsModule2.pyproj", "{AE1F4FB0-A9E8-456D-BC88-C52CEFC52D1E}"
EndProject
Global
	GlobalSection(SolutionConfigurationPlatforms) = preSolution
		Debug|Any CPU = Debug|Any CPU
		Release|Any CPU = Release|Any CPU
	EndGlobalSection
	GlobalSection(ProjectConfigurationPlatforms) = postSolution
		{AE1F4FB0-A9E8-456D-BC88-C52CEFC52D1E}.Debug|Any CPU.ActiveCfg = Debug|Any CPU
		{AE1F4FB0-A9E8-456D-BC88-C52CEFC52D1E}.Release|Any CPU.ActiveCfg = Release|Any CPU
	EndGlobalSection
	GlobalSection(SolutionProperties) = preSolution
		HideSolutionNode = FALSE
	EndGlobalSection
	GlobalSection(ExtensibilityGlobals) = postSolution
		SolutionGuid = {271D3684-1EA2-455A-9530-786E4086929D}
	EndGlobalSection
EndGlobal
